
Microsoft Visual Studio Solution File, Format Version 12.00
# Visual Studio Version 16
VisualStudioVersion = 16.0.32126.315
MinimumVisualStudioVersion = 10.0.40219.1
Project("{FAE04EC0-301F-11D3-BF4B-00C04F79EFBC}") = "UUM_Ressuage", "UUM_Ressuage.csproj", "{CEC8DDC7-271B-4698-AA25-8F395C2AB4FD}"
EndProject
Project("{2150E333-8FDC-42A3-9474-1A3956D46DE8}") = "Suivi Projet", "Suivi Projet", "{F326538C-1EBE-4B53-93DF-12D2464E91ED}"
	ProjectSection(SolutionItems) = preProject
		Suivi_Des_Evolutions.txt = Suivi_Des_Evolutions.txt
	EndProjectSection
EndProject
Global
	GlobalSection(SolutionConfigurationPlatforms) = preSolution
		Debug|Any CPU = Debug|Any CPU
		Release|Any CPU = Release|Any CPU
	EndGlobalSection
	GlobalSection(ProjectConfigurationPlatforms) = postSolution
		{CEC8DDC7-271B-4698-AA25-8F395C2AB4FD}.Debug|Any CPU.ActiveCfg = Debug|Any CPU
		{CEC8DDC7-271B-4698-AA25-8F395C2AB4FD}.Debug|Any CPU.Build.0 = Debug|Any CPU
		{CEC8DDC7-271B-4698-AA25-8F395C2AB4FD}.Release|Any CPU.ActiveCfg = Release|Any CPU
		{CEC8DDC7-271B-4698-AA25-8F395C2AB4FD}.Release|Any CPU.Build.0 = Release|Any CPU
	EndGlobalSection
	GlobalSection(SolutionProperties) = preSolution
		HideSolutionNode = FALSE
	EndGlobalSection
	GlobalSection(ExtensibilityGlobals) = postSolution
		SolutionGuid = {59E8F2DA-2C54-4DC2-8C08-86A5BC53BC1A}
	EndGlobalSection
EndGlobal
